<?xml version="1.0" encoding="utf-8"?>
<Project ToolsVersion="4.0" xmlns="http://schemas.microsoft.com/developer/msbuild/2003">
  <ItemGroup>
    <ClCompile Include="CPlayer.cpp">
      <Filter>Entities\source</Filter>
    </ClCompile>
    <ClCompile Include="ICollider.cpp">
      <Filter>Core\source</Filter>
    </ClCompile>
    <ClCompile Include="IDebug.cpp">
      <Filter>Core\source</Filter>
    </ClCompile>
    <ClCompile Include="CIntroState.cpp">
      <Filter>States\source</Filter>
    </ClCompile>
    <ClCompile Include="CGameStateHandler.cpp">
      <Filter>States\source</Filter>
    </ClCompile>
    <ClCompile Include="CPlayState.cpp">
      <Filter>States\source</Filter>
    </ClCompile>
    <ClCompile Include="CExplosionPool.cpp">
      <Filter>Core\source</Filter>
    </ClCompile>
    <ClCompile Include="main.cpp">
      <Filter>Core\source</Filter>
    </ClCompile>
    <ClCompile Include="IEntity.cpp">
      <Filter>Entities\source</Filter>
    </ClCompile>
    <ClCompile Include="CWeapon.cpp">
      <Filter>Entities\source\Weapons</Filter>
    </ClCompile>
    <ClCompile Include="CEnemy.cpp">
      <Filter>Entities\source\Enemies</Filter>
    </ClCompile>
    <ClCompile Include="CEnemyBoss.cpp">
      <Filter>Entities\source\Enemies</Filter>
    </ClCompile>
    <ClCompile Include="CEnemyManager.cpp">
      <Filter>Entities\source\Enemies</Filter>
    </ClCompile>
    <ClCompile Include="CMissile.cpp">
      <Filter>Entities\source\Projectiles</Filter>
    </ClCompile>
    <ClCompile Include="CProjectile.cpp">
      <Filter>Entities\source\Projectiles</Filter>
    </ClCompile>
    <ClCompile Include="CMissileLauncher.cpp">
      <Filter>Entities\source\Weapons</Filter>
    </ClCompile>
    <ClCompile Include="CBlaster.cpp">
      <Filter>Entities\source\Weapons</Filter>
    </ClCompile>
    <ClCompile Include="CShotGun.cpp">
      <Filter>Entities\source\Weapons</Filter>
    </ClCompile>
    <ClCompile Include="CChaosGun.cpp">
      <Filter>Entities\source\Weapons</Filter>
    </ClCompile>
    <ClCompile Include="CLaser.cpp">
      <Filter>Entities\source\Weapons</Filter>
    </ClCompile>
    <ClCompile Include="CLoadScreen.cpp">
      <Filter>Core\source</Filter>
    </ClCompile>
    <ClCompile Include="CWeaponDrop.cpp">
      <Filter>Entities\source\Drops</Filter>
    </ClCompile>
    <ClCompile Include="CUpgradeDrop.cpp">
      <Filter>Entities\source\Drops</Filter>
    </ClCompile>
    <ClCompile Include="CComponent.cpp">
      <Filter>UI\source</Filter>
    </ClCompile>
    <ClCompile Include="CContainer.cpp">
      <Filter>UI\source</Filter>
    </ClCompile>
    <ClCompile Include="CPanel.cpp">
      <Filter>UI\source</Filter>
    </ClCompile>
    <ClCompile Include="CMouseEvent.cpp">
      <Filter>UI\source</Filter>
    </ClCompile>
    <ClCompile Include="CLabel.cpp">
      <Filter>UI\source</Filter>
    </ClCompile>
    <ClCompile Include="CPausedState.cpp">
      <Filter>States\source</Filter>
    </ClCompile>
    <ClCompile Include="CImage.cpp">
      <Filter>UI\source</Filter>
    </ClCompile>
  </ItemGroup>
  <ItemGroup>
    <ClInclude Include="CPlayer.h">
      <Filter>Entities\headers</Filter>
    </ClInclude>
    <ClInclude Include="ICollider.h">
      <Filter>Core\headers</Filter>
    </ClInclude>
    <ClInclude Include="ICollidable.h">
      <Filter>Core\headers</Filter>
    </ClInclude>
    <ClInclude Include="IResource.h">
      <Filter>Core\headers</Filter>
    </ClInclude>
    <ClInclude Include="IDebug.h">
      <Filter>Core\headers</Filter>
    </ClInclude>
    <ClInclude Include="CGameStateHandler.h">
      <Filter>States\headers</Filter>
    </ClInclude>
    <ClInclude Include="CIntroState.h">
      <Filter>States\headers</Filter>
    </ClInclude>
    <ClInclude Include="CPlayState.h">
      <Filter>States\headers</Filter>
    </ClInclude>
    <ClInclude Include="CGameState.h">
      <Filter>States\headers</Filter>
    </ClInclude>
    <ClInclude Include="CExplosionPool.h">
      <Filter>Core\headers</Filter>
    </ClInclude>
    <ClInclude Include="Globals.h">
      <Filter>Core\headers</Filter>
    </ClInclude>
    <ClInclude Include="IEntity.h">
      <Filter>Entities\headers</Filter>
    </ClInclude>
    <ClInclude Include="CWeapon.h">
      <Filter>Entities\headers\Weapons</Filter>
    </ClInclude>
    <ClInclude Include="CMissileLauncher.h">
      <Filter>Entities\headers\Weapons</Filter>
    </ClInclude>
    <ClInclude Include="CBlaster.h">
      <Filter>Entities\headers\Weapons</Filter>
    </ClInclude>
    <ClInclude Include="CEnemy.h">
      <Filter>Entities\headers\Enemies</Filter>
    </ClInclude>
    <ClInclude Include="CEnemyBoss.h">
      <Filter>Entities\headers\Enemies</Filter>
    </ClInclude>
    <ClInclude Include="CEnemyManager.h">
      <Filter>Entities\headers\Enemies</Filter>
    </ClInclude>
    <ClInclude Include="CMissile.h">
      <Filter>Entities\headers\Projectiles</Filter>
    </ClInclude>
    <ClInclude Include="CProjectile.h">
      <Filter>Entities\headers\Projectiles</Filter>
    </ClInclude>
    <ClInclude Include="CShotGun.h">
      <Filter>Entities\headers\Weapons</Filter>
    </ClInclude>
    <ClInclude Include="CChaosGun.h">
      <Filter>Entities\headers\Weapons</Filter>
    </ClInclude>
    <ClInclude Include="CLaser.h">
      <Filter>Entities\headers\Weapons</Filter>
    </ClInclude>
    <ClInclude Include="CLoadScreen.h">
      <Filter>Core\headers</Filter>
    </ClInclude>
    <ClInclude Include="IDrop.h">
      <Filter>Entities\headers\Drops</Filter>
    </ClInclude>
    <ClInclude Include="CWeaponDrop.h">
      <Filter>Entities\headers\Drops</Filter>
    </ClInclude>
    <ClInclude Include="CUpgradeDrop.h">
      <Filter>Entities\headers\Drops</Filter>
    </ClInclude>
    <ClInclude Include="CContainer.h">
      <Filter>UI\headers</Filter>
    </ClInclude>
    <ClInclude Include="CComponent.h">
      <Filter>UI\headers</Filter>
    </ClInclude>
    <ClInclude Include="CPanel.h">
      <Filter>UI\headers</Filter>
    </ClInclude>
    <ClInclude Include="CMouseEvent.h">
      <Filter>UI\headers</Filter>
    </ClInclude>
    <ClInclude Include="CLabel.h">
      <Filter>UI\headers</Filter>
    </ClInclude>
    <ClInclude Include="CPausedState.h">
      <Filter>States\headers</Filter>
    </ClInclude>
    <ClInclude Include="IMouseEventHandler.h">
      <Filter>UI\headers</Filter>
    </ClInclude>
    <ClInclude Include="CImage.h">
      <Filter>UI\headers</Filter>
    </ClInclude>
  </ItemGroup>
  <ItemGroup>
    <None Include="ReadMe.txt" />
  </ItemGroup>
  <ItemGroup>
    <Filter Include="Core">
      <UniqueIdentifier>{d9128046-eb7c-4ffd-a3fc-35b46f22ff0d}</UniqueIdentifier>
    </Filter>
    <Filter Include="Core\headers">
      <UniqueIdentifier>{2cace449-50a2-46fe-9b74-c867d640f65c}</UniqueIdentifier>
    </Filter>
    <Filter Include="Core\source">
      <UniqueIdentifier>{58942f5e-dd82-4104-8f34-30aa92502b9e}</UniqueIdentifier>
    </Filter>
    <Filter Include="States">
      <UniqueIdentifier>{5ba5a1de-244d-463a-bd6f-5fc3ed17a638}</UniqueIdentifier>
    </Filter>
    <Filter Include="States\headers">
      <UniqueIdentifier>{a1a5831b-ca47-4d4c-9bed-8bf15f103c3c}</UniqueIdentifier>
    </Filter>
    <Filter Include="States\source">
      <UniqueIdentifier>{8a6ce3c7-f628-4279-be09-4e93f3ea9cc1}</UniqueIdentifier>
    </Filter>
    <Filter Include="Entities">
      <UniqueIdentifier>{0bc13ed2-b093-4315-80ac-a5605738028a}</UniqueIdentifier>
    </Filter>
    <Filter Include="Entities\headers">
      <UniqueIdentifier>{9f3191a4-70b2-49ff-a380-8ff7f84c61eb}</UniqueIdentifier>
    </Filter>
    <Filter Include="Entities\source">
      <UniqueIdentifier>{48ed576a-28ed-44cd-a7c4-8d06e0388817}</UniqueIdentifier>
    </Filter>
    <Filter Include="Entities\headers\Weapons">
      <UniqueIdentifier>{b82ede53-060c-4a14-9206-4ff4db3894ff}</UniqueIdentifier>
    </Filter>
    <Filter Include="Entities\source\Weapons">
      <UniqueIdentifier>{4b3a0171-800e-4f4e-b1e8-23b8c6f333eb}</UniqueIdentifier>
    </Filter>
    <Filter Include="Entities\headers\Enemies">
      <UniqueIdentifier>{b791a4b1-e589-4c24-8f30-029dcf102cc8}</UniqueIdentifier>
    </Filter>
    <Filter Include="Entities\source\Enemies">
      <UniqueIdentifier>{f9290e0a-98e6-4f03-858f-831631044402}</UniqueIdentifier>
    </Filter>
    <Filter Include="Entities\headers\Projectiles">
      <UniqueIdentifier>{052defc5-035f-4d4a-bc4d-e28aab5ddae3}</UniqueIdentifier>
    </Filter>
    <Filter Include="Entities\source\Projectiles">
      <UniqueIdentifier>{3c27ece5-2d48-441b-b037-eda56451c973}</UniqueIdentifier>
    </Filter>
    <Filter Include="Entities\headers\Drops">
      <UniqueIdentifier>{e176d4d7-ea60-4b02-b10b-6ff11f2f1808}</UniqueIdentifier>
    </Filter>
    <Filter Include="Entities\source\Drops">
      <UniqueIdentifier>{de2a3063-b537-4795-9aa7-7b390c5681ff}</UniqueIdentifier>
    </Filter>
    <Filter Include="UI">
      <UniqueIdentifier>{de1a9c5b-5f9f-420e-90e7-8a806a294ecd}</UniqueIdentifier>
    </Filter>
    <Filter Include="UI\headers">
      <UniqueIdentifier>{308af897-70ee-42c9-b5a8-acd46edaabb8}</UniqueIdentifier>
    </Filter>
    <Filter Include="UI\source">
      <UniqueIdentifier>{3c6b14a8-7889-4dd6-b5ad-700c1c0686d5}</UniqueIdentifier>
    </Filter>
  </ItemGroup>
</Project>